
Microsoft Visual Studio Solution File, Format Version 12.00
# Visual Studio 15
VisualStudioVersion = 15.0.28307.645
MinimumVisualStudioVersion = 10.0.40219.1
Project("{FAE04EC0-301F-11D3-BF4B-00C04F79EFBC}") = "Chinook", "Chinook\Chinook.csproj", "{970FAF2D-DFE9-427F-A77A-AA59C9E8748F}"
EndProject
Project("{FAE04EC0-301F-11D3-BF4B-00C04F79EFBC}") = "Chinook.Data", "Chinook.Data\Chinook.Data.csproj", "{A2C77D4F-9CED-41D9-A212-F7BA7AD0E691}"
EndProject
Project("{FAE04EC0-301F-11D3-BF4B-00C04F79EFBC}") = "Chinook.TestConsole", "Chinook.TestConsole\Chinook.TestConsole.csproj", "{64A0BEE1-4A96-45C2-8DC1-6EF37C9135D5}"
EndProject
Global
	GlobalSection(SolutionConfigurationPlatforms) = preSolution
		Debug|Any CPU = Debug|Any CPU
		Release|Any CPU = Release|Any CPU
	EndGlobalSection
	GlobalSection(ProjectConfigurationPlatforms) = postSolution
		{970FAF2D-DFE9-427F-A77A-AA59C9E8748F}.Debug|Any CPU.ActiveCfg = Debug|Any CPU
		{970FAF2D-DFE9-427F-A77A-AA59C9E8748F}.Debug|Any CPU.Build.0 = Debug|Any CPU
		{970FAF2D-DFE9-427F-A77A-AA59C9E8748F}.Release|Any CPU.ActiveCfg = Release|Any CPU
		{970FAF2D-DFE9-427F-A77A-AA59C9E8748F}.Release|Any CPU.Build.0 = Release|Any CPU
		{A2C77D4F-9CED-41D9-A212-F7BA7AD0E691}.Debug|Any CPU.ActiveCfg = Debug|Any CPU
		{A2C77D4F-9CED-41D9-A212-F7BA7AD0E691}.Debug|Any CPU.Build.0 = Debug|Any CPU
		{A2C77D4F-9CED-41D9-A212-F7BA7AD0E691}.Release|Any CPU.ActiveCfg = Release|Any CPU
		{A2C77D4F-9CED-41D9-A212-F7BA7AD0E691}.Release|Any CPU.Build.0 = Release|Any CPU
		{64A0BEE1-4A96-45C2-8DC1-6EF37C9135D5}.Debug|Any CPU.ActiveCfg = Debug|Any CPU
		{64A0BEE1-4A96-45C2-8DC1-6EF37C9135D5}.Debug|Any CPU.Build.0 = Debug|Any CPU
		{64A0BEE1-4A96-45C2-8DC1-6EF37C9135D5}.Release|Any CPU.ActiveCfg = Release|Any CPU
		{64A0BEE1-4A96-45C2-8DC1-6EF37C9135D5}.Release|Any CPU.Build.0 = Release|Any CPU
	EndGlobalSection
	GlobalSection(SolutionProperties) = preSolution
		HideSolutionNode = FALSE
	EndGlobalSection
	GlobalSection(ExtensibilityGlobals) = postSolution
		SolutionGuid = {E9FFB7D4-E167-4BC9-AFA6-257B0E2FFF77}
	EndGlobalSection
EndGlobal
